// !$*UTF8*$!
{
	archiveVersion = 1;
	classes = {
	};
	objectVersion = 77;
	objects = {

/* Begin PBXBuildFile section */
		D38237102ECF669300C1484A /* Accelerate.framework in Frameworks */ = {isa = PBXBuildFile; fileRef = D382370D2ECE139800C1484A /* Accelerate.framework */; };
/* End PBXBuildFile section */

/* Begin PBXCopyFilesBuildPhase section */
		D32CA5502E79F374008BE07C /* CopyFiles */ = {
			isa = PBXCopyFilesBuildPhase;
			buildActionMask = 2147483647;
			dstPath = /usr/share/man/man1/;
			dstSubfolderSpec = 0;
			files = (
			);
			runOnlyForDeploymentPostprocessing = 1;
		};
		D3569EB42E94020500F5BE02 /* CopyFiles */ = {
			isa = PBXCopyFilesBuildPhase;
			buildActionMask = 2147483647;
			dstPath = /usr/share/man/man1/;
			dstSubfolderSpec = 0;
			files = (
			);
			runOnlyForDeploymentPostprocessing = 1;
		};
		D37271ED2EDD8193006D124B /* CopyFiles */ = {
			isa = PBXCopyFilesBuildPhase;
			buildActionMask = 2147483647;
			dstPath = /usr/share/man/man1/;
			dstSubfolderSpec = 0;
			files = (
			);
			runOnlyForDeploymentPostprocessing = 1;
		};
		D372720B2EDDC8EF006D124B /* CopyFiles */ = {
			isa = PBXCopyFilesBuildPhase;
			buildActionMask = 2147483647;
			dstPath = /usr/share/man/man1/;
			dstSubfolderSpec = 0;
			files = (
			);
			runOnlyForDeploymentPostprocessing = 1;
		};
		D37FA45F2E9FBECD008D986A /* CopyFiles */ = {
			isa = PBXCopyFilesBuildPhase;
			buildActionMask = 2147483647;
			dstPath = /usr/share/man/man1/;
			dstSubfolderSpec = 0;
			files = (
			);
			runOnlyForDeploymentPostprocessing = 1;
		};
		D38237032ECE0F0600C1484A /* CopyFiles */ = {
			isa = PBXCopyFilesBuildPhase;
			buildActionMask = 2147483647;
			dstPath = /usr/share/man/man1/;
			dstSubfolderSpec = 0;
			files = (
			);
			runOnlyForDeploymentPostprocessing = 1;
		};
		D3E1734C2EC4DE900051B4A5 /* CopyFiles */ = {
			isa = PBXCopyFilesBuildPhase;
			buildActionMask = 2147483647;
			dstPath = /usr/share/man/man1/;
			dstSubfolderSpec = 0;
			files = (
			);
			runOnlyForDeploymentPostprocessing = 1;
		};
		D3E1736B2EC6438D0051B4A5 /* CopyFiles */ = {
			isa = PBXCopyFilesBuildPhase;
			buildActionMask = 2147483647;
			dstPath = /usr/share/man/man1/;
			dstSubfolderSpec = 0;
			files = (
			);
			runOnlyForDeploymentPostprocessing = 1;
		};
		D3EC55702EE70273002FDB17 /* CopyFiles */ = {
			isa = PBXCopyFilesBuildPhase;
			buildActionMask = 2147483647;
			dstPath = /usr/share/man/man1/;
			dstSubfolderSpec = 0;
			files = (
			);
			runOnlyForDeploymentPostprocessing = 1;
		};
		D3F0EE1B2E9812B900A1B92E /* CopyFiles */ = {
			isa = PBXCopyFilesBuildPhase;
			buildActionMask = 2147483647;
			dstPath = /usr/share/man/man1/;
			dstSubfolderSpec = 0;
			files = (
			);
			runOnlyForDeploymentPostprocessing = 1;
		};
/* End PBXCopyFilesBuildPhase section */

/* Begin PBXFileReference section */
		D32CA5522E79F374008BE07C /* lab1 */ = {isa = PBXFileReference; explicitFileType = "compiled.mach-o.executable"; includeInIndex = 0; path = lab1; sourceTree = BUILT_PRODUCTS_DIR; };
		D3569EB62E94020500F5BE02 /* lab2 */ = {isa = PBXFileReference; explicitFileType = "compiled.mach-o.executable"; includeInIndex = 0; path = lab2; sourceTree = BUILT_PRODUCTS_DIR; };
		D37271EF2EDD8193006D124B /* lab7 */ = {isa = PBXFileReference; explicitFileType = "compiled.mach-o.executable"; includeInIndex = 0; path = lab7; sourceTree = BUILT_PRODUCTS_DIR; };
		D372720D2EDDC8EF006D124B /* lab8 */ = {isa = PBXFileReference; explicitFileType = "compiled.mach-o.executable"; includeInIndex = 0; path = lab8; sourceTree = BUILT_PRODUCTS_DIR; };
		D37FA4612E9FBECD008D986A /* lab4 */ = {isa = PBXFileReference; explicitFileType = "compiled.mach-o.executable"; includeInIndex = 0; path = lab4; sourceTree = BUILT_PRODUCTS_DIR; };
		D38237052ECE0F0600C1484A /* lab6 */ = {isa = PBXFileReference; explicitFileType = "compiled.mach-o.executable"; includeInIndex = 0; path = lab6; sourceTree = BUILT_PRODUCTS_DIR; };
		D382370D2ECE139800C1484A /* Accelerate.framework */ = {isa = PBXFileReference; lastKnownFileType = wrapper.framework; name = Accelerate.framework; path = System/Library/Frameworks/Accelerate.framework; sourceTree = SDKROOT; };
		D3E1734E2EC4DE900051B4A5 /* lab5 */ = {isa = PBXFileReference; explicitFileType = "compiled.mach-o.executable"; includeInIndex = 0; path = lab5; sourceTree = BUILT_PRODUCTS_DIR; };
		D3E1736D2EC6438D0051B4A5 /* let3 */ = {isa = PBXFileReference; explicitFileType = "compiled.mach-o.executable"; includeInIndex = 0; path = let3; sourceTree = BUILT_PRODUCTS_DIR; };
		D3EC55722EE70273002FDB17 /* lab9 */ = {isa = PBXFileReference; explicitFileType = "compiled.mach-o.executable"; includeInIndex = 0; path = lab9; sourceTree = BUILT_PRODUCTS_DIR; };
		D3F0EE1D2E9812B900A1B92E /* lab3 */ = {isa = PBXFileReference; explicitFileType = "compiled.mach-o.executable"; includeInIndex = 0; path = lab3; sourceTree = BUILT_PRODUCTS_DIR; };
/* End PBXFileReference section */

/* Begin PBXFileSystemSynchronizedRootGroup section */
		D32CA5532E79F374008BE07C /* lab1 */ = {
			isa = PBXFileSystemSynchronizedRootGroup;
			path = lab1;
			sourceTree = "<group>";
		};
		D3569EB72E94020500F5BE02 /* lab2 */ = {
			isa = PBXFileSystemSynchronizedRootGroup;
			path = lab2;
			sourceTree = "<group>";
		};
		D37271F02EDD8193006D124B /* lab7 */ = {
			isa = PBXFileSystemSynchronizedRootGroup;
			path = lab7;
			sourceTree = "<group>";
		};
		D372720E2EDDC8EF006D124B /* lab8 */ = {
			isa = PBXFileSystemSynchronizedRootGroup;
			path = lab8;
			sourceTree = "<group>";
		};
		D37FA4622E9FBECD008D986A /* lab4 */ = {
			isa = PBXFileSystemSynchronizedRootGroup;
			path = lab4;
			sourceTree = "<group>";
		};
		D38237062ECE0F0600C1484A /* lab6 */ = {
			isa = PBXFileSystemSynchronizedRootGroup;
			path = lab6;
			sourceTree = "<group>";
		};
		D3E1734F2EC4DE900051B4A5 /* lab5 */ = {
			isa = PBXFileSystemSynchronizedRootGroup;
			path = lab5;
			sourceTree = "<group>";
		};
		D3E1736E2EC6438D0051B4A5 /* let3 */ = {
			isa = PBXFileSystemSynchronizedRootGroup;
			path = let3;
			sourceTree = "<group>";
		};
		D3EC55732EE70273002FDB17 /* lab9 */ = {
			isa = PBXFileSystemSynchronizedRootGroup;
			path = lab9;
			sourceTree = "<group>";
		};
		D3F0EE1E2E9812B900A1B92E /* lab3 */ = {
			isa = PBXFileSystemSynchronizedRootGroup;
			path = lab3;
			sourceTree = "<group>";
		};
/* End PBXFileSystemSynchronizedRootGroup section */

/* Begin PBXFrameworksBuildPhase section */
		D32CA54F2E79F374008BE07C /* Frameworks */ = {
			isa = PBXFrameworksBuildPhase;
			buildActionMask = 2147483647;
			files = (
			);
			runOnlyForDeploymentPostprocessing = 0;
		};
		D3569EB32E94020500F5BE02 /* Frameworks */ = {
			isa = PBXFrameworksBuildPhase;
			buildActionMask = 2147483647;
			files = (
			);
			runOnlyForDeploymentPostprocessing = 0;
		};
		D37271EC2EDD8193006D124B /* Frameworks */ = {
			isa = PBXFrameworksBuildPhase;
			buildActionMask = 2147483647;
			files = (
			);
			runOnlyForDeploymentPostprocessing = 0;
		};
		D372720A2EDDC8EF006D124B /* Frameworks */ = {
			isa = PBXFrameworksBuildPhase;
			buildActionMask = 2147483647;
			files = (
			);
			runOnlyForDeploymentPostprocessing = 0;
		};
		D37FA45E2E9FBECD008D986A /* Frameworks */ = {
			isa = PBXFrameworksBuildPhase;
			buildActionMask = 2147483647;
			files = (
			);
			runOnlyForDeploymentPostprocessing = 0;
		};
		D38237022ECE0F0600C1484A /* Frameworks */ = {
			isa = PBXFrameworksBuildPhase;
			buildActionMask = 2147483647;
			files = (
				D38237102ECF669300C1484A /* Accelerate.framework in Frameworks */,
			);
			runOnlyForDeploymentPostprocessing = 0;
		};
		D3E1734B2EC4DE900051B4A5 /* Frameworks */ = {
			isa = PBXFrameworksBuildPhase;
			buildActionMask = 2147483647;
			files = (
			);
			runOnlyForDeploymentPostprocessing = 0;
		};
		D3E1736A2EC6438D0051B4A5 /* Frameworks */ = {
			isa = PBXFrameworksBuildPhase;
			buildActionMask = 2147483647;
			files = (
			);
			runOnlyForDeploymentPostprocessing = 0;
		};
		D3EC556F2EE70273002FDB17 /* Frameworks */ = {
			isa = PBXFrameworksBuildPhase;
			buildActionMask = 2147483647;
			files = (
			);
			runOnlyForDeploymentPostprocessing = 0;
		};
		D3F0EE1A2E9812B900A1B92E /* Frameworks */ = {
			isa = PBXFrameworksBuildPhase;
			buildActionMask = 2147483647;
			files = (
			);
			runOnlyForDeploymentPostprocessing = 0;
		};
/* End PBXFrameworksBuildPhase section */

/* Begin PBXGroup section */
		D369A3E02E70A9EB004ADAF0 = {
			isa = PBXGroup;
			children = (
				D32CA5532E79F374008BE07C /* lab1 */,
				D3569EB72E94020500F5BE02 /* lab2 */,
				D3F0EE1E2E9812B900A1B92E /* lab3 */,
				D37FA4622E9FBECD008D986A /* lab4 */,
				D3E1734F2EC4DE900051B4A5 /* lab5 */,
				D3E1736E2EC6438D0051B4A5 /* let3 */,
				D38237062ECE0F0600C1484A /* lab6 */,
				D37271F02EDD8193006D124B /* lab7 */,
				D372720E2EDDC8EF006D124B /* lab8 */,
				D3EC55732EE70273002FDB17 /* lab9 */,
				D382370C2ECE139800C1484A /* Frameworks */,
				D369A3EA2E70A9EB004ADAF0 /* Products */,
			);
			sourceTree = "<group>";
		};
		D369A3EA2E70A9EB004ADAF0 /* Products */ = {
			isa = PBXGroup;
			children = (
				D32CA5522E79F374008BE07C /* lab1 */,
				D3569EB62E94020500F5BE02 /* lab2 */,
				D3F0EE1D2E9812B900A1B92E /* lab3 */,
				D37FA4612E9FBECD008D986A /* lab4 */,
				D3E1734E2EC4DE900051B4A5 /* lab5 */,
				D3E1736D2EC6438D0051B4A5 /* let3 */,
				D38237052ECE0F0600C1484A /* lab6 */,
				D37271EF2EDD8193006D124B /* lab7 */,
				D372720D2EDDC8EF006D124B /* lab8 */,
				D3EC55722EE70273002FDB17 /* lab9 */,
			);
			name = Products;
			sourceTree = "<group>";
		};
		D382370C2ECE139800C1484A /* Frameworks */ = {
			isa = PBXGroup;
			children = (
				D382370D2ECE139800C1484A /* Accelerate.framework */,
			);
			name = Frameworks;
			sourceTree = "<group>";
		};
/* End PBXGroup section */

/* Begin PBXNativeTarget section */
		D32CA5512E79F374008BE07C /* lab1 */ = {
			isa = PBXNativeTarget;
			buildConfigurationList = D32CA5562E79F374008BE07C /* Build configuration list for PBXNativeTarget "lab1" */;
			buildPhases = (
				D32CA54E2E79F374008BE07C /* Sources */,
				D32CA54F2E79F374008BE07C /* Frameworks */,
				D32CA5502E79F374008BE07C /* CopyFiles */,
			);
			buildRules = (
			);
			dependencies = (
			);
			fileSystemSynchronizedGroups = (
				D32CA5532E79F374008BE07C /* lab1 */,
			);
			name = lab1;
			packageProductDependencies = (
			);
			productName = lab1;
			productReference = D32CA5522E79F374008BE07C /* lab1 */;
			productType = "com.apple.product-type.tool";
		};
		D3569EB52E94020500F5BE02 /* lab2 */ = {
			isa = PBXNativeTarget;
			buildConfigurationList = D3569EBA2E94020500F5BE02 /* Build configuration list for PBXNativeTarget "lab2" */;
			buildPhases = (
				D3569EB22E94020500F5BE02 /* Sources */,
				D3569EB32E94020500F5BE02 /* Frameworks */,
				D3569EB42E94020500F5BE02 /* CopyFiles */,
			);
			buildRules = (
			);
			dependencies = (
			);
			fileSystemSynchronizedGroups = (
				D3569EB72E94020500F5BE02 /* lab2 */,
			);
			name = lab2;
			packageProductDependencies = (
			);
			productName = lab2;
			productReference = D3569EB62E94020500F5BE02 /* lab2 */;
			productType = "com.apple.product-type.tool";
		};
		D37271EE2EDD8193006D124B /* lab7 */ = {
			isa = PBXNativeTarget;
			buildConfigurationList = D37271F52EDD8193006D124B /* Build configuration list for PBXNativeTarget "lab7" */;
			buildPhases = (
				D37271EB2EDD8193006D124B /* Sources */,
				D37271EC2EDD8193006D124B /* Frameworks */,
				D37271ED2EDD8193006D124B /* CopyFiles */,
			);
			buildRules = (
			);
			dependencies = (
			);
			fileSystemSynchronizedGroups = (
				D37271F02EDD8193006D124B /* lab7 */,
			);
			name = lab7;
			packageProductDependencies = (
			);
			productName = lab7;
			productReference = D37271EF2EDD8193006D124B /* lab7 */;
			productType = "com.apple.product-type.tool";
		};
		D372720C2EDDC8EF006D124B /* lab8 */ = {
			isa = PBXNativeTarget;
			buildConfigurationList = D37272112EDDC8EF006D124B /* Build configuration list for PBXNativeTarget "lab8" */;
			buildPhases = (
				D37272092EDDC8EF006D124B /* Sources */,
				D372720A2EDDC8EF006D124B /* Frameworks */,
				D372720B2EDDC8EF006D124B /* CopyFiles */,
			);
			buildRules = (
			);
			dependencies = (
			);
			fileSystemSynchronizedGroups = (
				D372720E2EDDC8EF006D124B /* lab8 */,
			);
			name = lab8;
			packageProductDependencies = (
			);
			productName = lab8;
			productReference = D372720D2EDDC8EF006D124B /* lab8 */;
			productType = "com.apple.product-type.tool";
		};
		D37FA4602E9FBECD008D986A /* lab4 */ = {
			isa = PBXNativeTarget;
			buildConfigurationList = D37FA4672E9FBECD008D986A /* Build configuration list for PBXNativeTarget "lab4" */;
			buildPhases = (
				D37FA45D2E9FBECD008D986A /* Sources */,
				D37FA45E2E9FBECD008D986A /* Frameworks */,
				D37FA45F2E9FBECD008D986A /* CopyFiles */,
			);
			buildRules = (
			);
			dependencies = (
			);
			fileSystemSynchronizedGroups = (
				D37FA4622E9FBECD008D986A /* lab4 */,
			);
			name = lab4;
			packageProductDependencies = (
			);
			productName = lab4;
			productReference = D37FA4612E9FBECD008D986A /* lab4 */;
			productType = "com.apple.product-type.tool";
		};
		D38237042ECE0F0600C1484A /* lab6 */ = {
			isa = PBXNativeTarget;
			buildConfigurationList = D38237092ECE0F0600C1484A /* Build configuration list for PBXNativeTarget "lab6" */;
			buildPhases = (
				D38237012ECE0F0600C1484A /* Sources */,
				D38237022ECE0F0600C1484A /* Frameworks */,
				D38237032ECE0F0600C1484A /* CopyFiles */,
			);
			buildRules = (
			);
			dependencies = (
			);
			fileSystemSynchronizedGroups = (
				D38237062ECE0F0600C1484A /* lab6 */,
			);
			name = lab6;
			packageProductDependencies = (
			);
			productName = lab6;
			productReference = D38237052ECE0F0600C1484A /* lab6 */;
			productType = "com.apple.product-type.tool";
		};
		D3E1734D2EC4DE900051B4A5 /* lab5 */ = {
			isa = PBXNativeTarget;
			buildConfigurationList = D3E173522EC4DE900051B4A5 /* Build configuration list for PBXNativeTarget "lab5" */;
			buildPhases = (
				D3E1734A2EC4DE900051B4A5 /* Sources */,
				D3E1734B2EC4DE900051B4A5 /* Frameworks */,
				D3E1734C2EC4DE900051B4A5 /* CopyFiles */,
			);
			buildRules = (
			);
			dependencies = (
			);
			fileSystemSynchronizedGroups = (
				D3E1734F2EC4DE900051B4A5 /* lab5 */,
			);
			name = lab5;
			packageProductDependencies = (
			);
			productName = lab5;
			productReference = D3E1734E2EC4DE900051B4A5 /* lab5 */;
			productType = "com.apple.product-type.tool";
		};
		D3E1736C2EC6438D0051B4A5 /* let3 */ = {
			isa = PBXNativeTarget;
			buildConfigurationList = D3E173732EC6438D0051B4A5 /* Build configuration list for PBXNativeTarget "let3" */;
			buildPhases = (
				D3E173692EC6438D0051B4A5 /* Sources */,
				D3E1736A2EC6438D0051B4A5 /* Frameworks */,
				D3E1736B2EC6438D0051B4A5 /* CopyFiles */,
			);
			buildRules = (
			);
			dependencies = (
			);
			fileSystemSynchronizedGroups = (
				D3E1736E2EC6438D0051B4A5 /* let3 */,
			);
			name = let3;
			packageProductDependencies = (
			);
			productName = let3;
			productReference = D3E1736D2EC6438D0051B4A5 /* let3 */;
			productType = "com.apple.product-type.tool";
		};
		D3EC55712EE70273002FDB17 /* lab9 */ = {
			isa = PBXNativeTarget;
			buildConfigurationList = D3EC55782EE70273002FDB17 /* Build configuration list for PBXNativeTarget "lab9" */;
			buildPhases = (
				D3EC556E2EE70273002FDB17 /* Sources */,
				D3EC556F2EE70273002FDB17 /* Frameworks */,
				D3EC55702EE70273002FDB17 /* CopyFiles */,
			);
			buildRules = (
			);
			dependencies = (
			);
			fileSystemSynchronizedGroups = (
				D3EC55732EE70273002FDB17 /* lab9 */,
			);
			name = lab9;
			packageProductDependencies = (
			);
			productName = lab9;
			productReference = D3EC55722EE70273002FDB17 /* lab9 */;
			productType = "com.apple.product-type.tool";
		};
		D3F0EE1C2E9812B900A1B92E /* lab3 */ = {
			isa = PBXNativeTarget;
			buildConfigurationList = D3F0EE232E9812B900A1B92E /* Build configuration list for PBXNativeTarget "lab3" */;
			buildPhases = (
				D3F0EE192E9812B900A1B92E /* Sources */,
				D3F0EE1A2E9812B900A1B92E /* Frameworks */,
				D3F0EE1B2E9812B900A1B92E /* CopyFiles */,
			);
			buildRules = (
			);
			dependencies = (
			);
			fileSystemSynchronizedGroups = (
				D3F0EE1E2E9812B900A1B92E /* lab3 */,
			);
			name = lab3;
			packageProductDependencies = (
			);
			productName = lab3;
			productReference = D3F0EE1D2E9812B900A1B92E /* lab3 */;
			productType = "com.apple.product-type.tool";
		};
/* End PBXNativeTarget section */

/* Begin PBXProject section */
		D369A3E12E70A9EB004ADAF0 /* Project object */ = {
			isa = PBXProject;
			attributes = {
				BuildIndependentTargetsInParallel = 1;
				LastSwiftUpdateCheck = 2600;
				LastUpgradeCheck = 2600;
				TargetAttributes = {
					D32CA5512E79F374008BE07C = {
						CreatedOnToolsVersion = 26.0;
					};
					D3569EB52E94020500F5BE02 = {
						CreatedOnToolsVersion = 26.0;
					};
					D37271EE2EDD8193006D124B = {
						CreatedOnToolsVersion = 26.1.1;
					};
					D372720C2EDDC8EF006D124B = {
						CreatedOnToolsVersion = 26.1.1;
					};
					D37FA4602E9FBECD008D986A = {
						CreatedOnToolsVersion = 26.0.1;
					};
					D38237042ECE0F0600C1484A = {
						CreatedOnToolsVersion = 26.0.1;
					};
					D3E1734D2EC4DE900051B4A5 = {
						CreatedOnToolsVersion = 26.0.1;
					};
					D3E1736C2EC6438D0051B4A5 = {
						CreatedOnToolsVersion = 26.0.1;
					};
					D3EC55712EE70273002FDB17 = {
						CreatedOnToolsVersion = 26.1.1;
					};
					D3F0EE1C2E9812B900A1B92E = {
						CreatedOnToolsVersion = 26.0;
					};
				};
			};
			buildConfigurationList = D369A3E42E70A9EB004ADAF0 /* Build configuration list for PBXProject "nmla-labs" */;
			developmentRegion = en;
			hasScannedForEncodings = 0;
			knownRegions = (
				en,
				Base,
			);
			mainGroup = D369A3E02E70A9EB004ADAF0;
			minimizedProjectReferenceProxies = 1;
			preferredProjectObjectVersion = 77;
			productRefGroup = D369A3EA2E70A9EB004ADAF0 /* Products */;
			projectDirPath = "";
			projectRoot = "";
			targets = (
				D32CA5512E79F374008BE07C /* lab1 */,
				D3569EB52E94020500F5BE02 /* lab2 */,
				D3F0EE1C2E9812B900A1B92E /* lab3 */,
				D37FA4602E9FBECD008D986A /* lab4 */,
				D3E1734D2EC4DE900051B4A5 /* lab5 */,
				D3E1736C2EC6438D0051B4A5 /* let3 */,
				D38237042ECE0F0600C1484A /* lab6 */,
				D37271EE2EDD8193006D124B /* lab7 */,
				D372720C2EDDC8EF006D124B /* lab8 */,
				D3EC55712EE70273002FDB17 /* lab9 */,
			);
		};
/* End PBXProject section */

/* Begin PBXSourcesBuildPhase section */
		D32CA54E2E79F374008BE07C /* Sources */ = {
			isa = PBXSourcesBuildPhase;
			buildActionMask = 2147483647;
			files = (
			);
			runOnlyForDeploymentPostprocessing = 0;
		};
		D3569EB22E94020500F5BE02 /* Sources */ = {
			isa = PBXSourcesBuildPhase;
			buildActionMask = 2147483647;
			files = (
			);
			runOnlyForDeploymentPostprocessing = 0;
		};
		D37271EB2EDD8193006D124B /* Sources */ = {
			isa = PBXSourcesBuildPhase;
			buildActionMask = 2147483647;
			files = (
			);
			runOnlyForDeploymentPostprocessing = 0;
		};
		D37272092EDDC8EF006D124B /* Sources */ = {
			isa = PBXSourcesBuildPhase;
			buildActionMask = 2147483647;
			files = (
			);
			runOnlyForDeploymentPostprocessing = 0;
		};
		D37FA45D2E9FBECD008D986A /* Sources */ = {
			isa = PBXSourcesBuildPhase;
			buildActionMask = 2147483647;
			files = (
			);
			runOnlyForDeploymentPostprocessing = 0;
		};
		D38237012ECE0F0600C1484A /* Sources */ = {
			isa = PBXSourcesBuildPhase;
			buildActionMask = 2147483647;
			files = (
			);
			runOnlyForDeploymentPostprocessing = 0;
		};
		D3E1734A2EC4DE900051B4A5 /* Sources */ = {
			isa = PBXSourcesBuildPhase;
			buildActionMask = 2147483647;
			files = (
			);
			runOnlyForDeploymentPostprocessing = 0;
		};
		D3E173692EC6438D0051B4A5 /* Sources */ = {
			isa = PBXSourcesBuildPhase;
			buildActionMask = 2147483647;
			files = (
			);
			runOnlyForDeploymentPostprocessing = 0;
		};
		D3EC556E2EE70273002FDB17 /* Sources */ = {
			isa = PBXSourcesBuildPhase;
			buildActionMask = 2147483647;
			files = (
			);
			runOnlyForDeploymentPostprocessing = 0;
		};
		D3F0EE192E9812B900A1B92E /* Sources */ = {
			isa = PBXSourcesBuildPhase;
			buildActionMask = 2147483647;
			files = (
			);
			runOnlyForDeploymentPostprocessing = 0;
		};
/* End PBXSourcesBuildPhase section */

/* Begin XCBuildConfiguration section */
		D32CA5572E79F374008BE07C /* Debug */ = {
			isa = XCBuildConfiguration;
			buildSettings = {
				CLANG_WARN_DOCUMENTATION_COMMENTS = NO;
				CODE_SIGN_STYLE = Automatic;
				MACOSX_DEPLOYMENT_TARGET = 26.0;
				PRODUCT_NAME = "$(TARGET_NAME)";
			};
			name = Debug;
		};
		D32CA5582E79F374008BE07C /* Release */ = {
			isa = XCBuildConfiguration;
			buildSettings = {
				CLANG_WARN_DOCUMENTATION_COMMENTS = NO;
				CODE_SIGN_STYLE = Automatic;
				MACOSX_DEPLOYMENT_TARGET = 26.0;
				PRODUCT_NAME = "$(TARGET_NAME)";
			};
			name = Release;
		};
		D3569EBB2E94020500F5BE02 /* Debug */ = {
			isa = XCBuildConfiguration;
			buildSettings = {
				CLANG_WARN_DOCUMENTATION_COMMENTS = YES;
				CODE_SIGN_STYLE = Automatic;
				MACOSX_DEPLOYMENT_TARGET = 26.0;
				PRODUCT_NAME = "$(TARGET_NAME)";
			};
			name = Debug;
		};
		D3569EBC2E94020500F5BE02 /* Release */ = {
			isa = XCBuildConfiguration;
			buildSettings = {
				CLANG_WARN_DOCUMENTATION_COMMENTS = YES;
				CODE_SIGN_STYLE = Automatic;
				MACOSX_DEPLOYMENT_TARGET = 26.0;
				PRODUCT_NAME = "$(TARGET_NAME)";
			};
			name = Release;
		};
		D369A3EE2E70A9EB004ADAF0 /* Debug */ = {
			isa = XCBuildConfiguration;
			buildSettings = {
				ALWAYS_SEARCH_USER_PATHS = NO;
				ASSETCATALOG_COMPILER_GENERATE_SWIFT_ASSET_SYMBOL_EXTENSIONS = YES;
				CLANG_ANALYZER_NONNULL = YES;
				CLANG_ANALYZER_NUMBER_OBJECT_CONVERSION = YES_AGGRESSIVE;
				CLANG_CXX_LANGUAGE_STANDARD = "gnu++20";
				CLANG_ENABLE_MODULES = YES;
				CLANG_ENABLE_OBJC_ARC = YES;
				CLANG_ENABLE_OBJC_WEAK = YES;
				CLANG_WARN_BLOCK_CAPTURE_AUTORELEASING = YES;
				CLANG_WARN_BOOL_CONVERSION = YES;
				CLANG_WARN_COMMA = YES;
				CLANG_WARN_CONSTANT_CONVERSION = YES;
				CLANG_WARN_DEPRECATED_OBJC_IMPLEMENTATIONS = YES;
				CLANG_WARN_DIRECT_OBJC_ISA_USAGE = YES_ERROR;
				CLANG_WARN_DOCUMENTATION_COMMENTS = NO;
				CLANG_WARN_EMPTY_BODY = YES;
				CLANG_WARN_ENUM_CONVERSION = YES;
				CLANG_WARN_INFINITE_RECURSION = YES;
				CLANG_WARN_INT_CONVERSION = YES;
				CLANG_WARN_NON_LITERAL_NULL_CONVERSION = YES;
				CLANG_WARN_OBJC_IMPLICIT_RETAIN_SELF = YES;
				CLANG_WARN_OBJC_LITERAL_CONVERSION = YES;
				CLANG_WARN_OBJC_ROOT_CLASS = YES_ERROR;
				CLANG_WARN_QUOTED_INCLUDE_IN_FRAMEWORK_HEADER = YES;
				CLANG_WARN_RANGE_LOOP_ANALYSIS = YES;
				CLANG_WARN_STRICT_PROTOTYPES = YES;
				CLANG_WARN_SUSPICIOUS_MOVE = YES;
				CLANG_WARN_UNGUARDED_AVAILABILITY = YES_AGGRESSIVE;
				CLANG_WARN_UNREACHABLE_CODE = YES;
				CLANG_WARN__DUPLICATE_METHOD_MATCH = YES;
				COPY_PHASE_STRIP = NO;
				DEAD_CODE_STRIPPING = YES;
				DEBUG_INFORMATION_FORMAT = dwarf;
				ENABLE_STRICT_OBJC_MSGSEND = YES;
				ENABLE_TESTABILITY = YES;
				ENABLE_USER_SCRIPT_SANDBOXING = YES;
				GCC_C_LANGUAGE_STANDARD = gnu17;
				GCC_DYNAMIC_NO_PIC = NO;
				GCC_NO_COMMON_BLOCKS = YES;
				GCC_OPTIMIZATION_LEVEL = 0;
				GCC_PREPROCESSOR_DEFINITIONS = (
					"DEBUG=1",
					"$(inherited)",
				);
				GCC_WARN_64_TO_32_BIT_CONVERSION = YES;
				GCC_WARN_ABOUT_RETURN_TYPE = YES_ERROR;
				GCC_WARN_UNDECLARED_SELECTOR = YES;
				GCC_WARN_UNINITIALIZED_AUTOS = YES_AGGRESSIVE;
				GCC_WARN_UNUSED_FUNCTION = YES;
				GCC_WARN_UNUSED_VARIABLE = YES;
				HEADER_SEARCH_PATHS = (
					"/Users/vsevolond/dev/nmla-labs/sciplot/**",
					"/Users/vsevolond/dev/nmla-labs/eigen/**",
				);
				LD_RUNPATH_SEARCH_PATHS = "";
				LIBRARY_SEARCH_PATHS = "";
				LOCALIZATION_PREFERS_STRING_CATALOGS = YES;
				MACOSX_DEPLOYMENT_TARGET = 15.5;
				MTL_ENABLE_DEBUG_INFO = INCLUDE_SOURCE;
				MTL_FAST_MATH = YES;
				ONLY_ACTIVE_ARCH = YES;
				OTHER_LDFLAGS = "";
				SDKROOT = macosx;
				STRING_CATALOG_GENERATE_SYMBOLS = YES;
			};
			name = Debug;
		};
		D369A3EF2E70A9EB004ADAF0 /* Release */ = {
			isa = XCBuildConfiguration;
			buildSettings = {
				ALWAYS_SEARCH_USER_PATHS = NO;
				ASSETCATALOG_COMPILER_GENERATE_SWIFT_ASSET_SYMBOL_EXTENSIONS = YES;
				CLANG_ANALYZER_NONNULL = YES;
				CLANG_ANALYZER_NUMBER_OBJECT_CONVERSION = YES_AGGRESSIVE;
				CLANG_CXX_LANGUAGE_STANDARD = "gnu++20";
				CLANG_ENABLE_MODULES = YES;
				CLANG_ENABLE_OBJC_ARC = YES;
				CLANG_ENABLE_OBJC_WEAK = YES;
				CLANG_WARN_BLOCK_CAPTURE_AUTORELEASING = YES;
				CLANG_WARN_BOOL_CONVERSION = YES;
				CLANG_WARN_COMMA = YES;
				CLANG_WARN_CONSTANT_CONVERSION = YES;
				CLANG_WARN_DEPRECATED_OBJC_IMPLEMENTATIONS = YES;
				CLANG_WARN_DIRECT_OBJC_ISA_USAGE = YES_ERROR;
				CLANG_WARN_DOCUMENTATION_COMMENTS = NO;
				CLANG_WARN_EMPTY_BODY = YES;
				CLANG_WARN_ENUM_CONVERSION = YES;
				CLANG_WARN_INFINITE_RECURSION = YES;
				CLANG_WARN_INT_CONVERSION = YES;
				CLANG_WARN_NON_LITERAL_NULL_CONVERSION = YES;
				CLANG_WARN_OBJC_IMPLICIT_RETAIN_SELF = YES;
				CLANG_WARN_OBJC_LITERAL_CONVERSION = YES;
				CLANG_WARN_OBJC_ROOT_CLASS = YES_ERROR;
				CLANG_WARN_QUOTED_INCLUDE_IN_FRAMEWORK_HEADER = YES;
				CLANG_WARN_RANGE_LOOP_ANALYSIS = YES;
				CLANG_WARN_STRICT_PROTOTYPES = YES;
				CLANG_WARN_SUSPICIOUS_MOVE = YES;
				CLANG_WARN_UNGUARDED_AVAILABILITY = YES_AGGRESSIVE;
				CLANG_WARN_UNREACHABLE_CODE = YES;
				CLANG_WARN__DUPLICATE_METHOD_MATCH = YES;
				COPY_PHASE_STRIP = NO;
				DEAD_CODE_STRIPPING = YES;
				DEBUG_INFORMATION_FORMAT = "dwarf-with-dsym";
				ENABLE_NS_ASSERTIONS = NO;
				ENABLE_STRICT_OBJC_MSGSEND = YES;
				ENABLE_USER_SCRIPT_SANDBOXING = YES;
				GCC_C_LANGUAGE_STANDARD = gnu17;
				GCC_NO_COMMON_BLOCKS = YES;
				GCC_WARN_64_TO_32_BIT_CONVERSION = YES;
				GCC_WARN_ABOUT_RETURN_TYPE = YES_ERROR;
				GCC_WARN_UNDECLARED_SELECTOR = YES;
				GCC_WARN_UNINITIALIZED_AUTOS = YES_AGGRESSIVE;
				GCC_WARN_UNUSED_FUNCTION = YES;
				GCC_WARN_UNUSED_VARIABLE = YES;
				HEADER_SEARCH_PATHS = (
					"/Users/vsevolond/dev/nmla-labs/sciplot/**",
					"/Users/vsevolond/dev/nmla-labs/eigen/**",
				);
				LD_RUNPATH_SEARCH_PATHS = "";
				LIBRARY_SEARCH_PATHS = "";
				LOCALIZATION_PREFERS_STRING_CATALOGS = YES;
				MACOSX_DEPLOYMENT_TARGET = 15.5;
				MTL_ENABLE_DEBUG_INFO = NO;
				MTL_FAST_MATH = YES;
				OTHER_LDFLAGS = "";
				SDKROOT = macosx;
				STRING_CATALOG_GENERATE_SYMBOLS = YES;
			};
			name = Release;
		};
		D37271F32EDD8193006D124B /* Debug */ = {
			isa = XCBuildConfiguration;
			buildSettings = {
				CLANG_WARN_DOCUMENTATION_COMMENTS = YES;
				CODE_SIGN_STYLE = Automatic;
				MACOSX_DEPLOYMENT_TARGET = 26.1;
				PRODUCT_NAME = "$(TARGET_NAME)";
			};
			name = Debug;
		};
		D37271F42EDD8193006D124B /* Release */ = {
			isa = XCBuildConfiguration;
			buildSettings = {
				CLANG_WARN_DOCUMENTATION_COMMENTS = YES;
				CODE_SIGN_STYLE = Automatic;
				MACOSX_DEPLOYMENT_TARGET = 26.1;
				PRODUCT_NAME = "$(TARGET_NAME)";
			};
			name = Release;
		};
		D37272122EDDC8EF006D124B /* Debug */ = {
			isa = XCBuildConfiguration;
			buildSettings = {
				CLANG_WARN_DOCUMENTATION_COMMENTS = YES;
				CODE_SIGN_STYLE = Automatic;
				MACOSX_DEPLOYMENT_TARGET = 26.1;
				PRODUCT_NAME = "$(TARGET_NAME)";
			};
			name = Debug;
		};
		D37272132EDDC8EF006D124B /* Release */ = {
			isa = XCBuildConfiguration;
			buildSettings = {
				CLANG_WARN_DOCUMENTATION_COMMENTS = YES;
				CODE_SIGN_STYLE = Automatic;
				MACOSX_DEPLOYMENT_TARGET = 26.1;
				PRODUCT_NAME = "$(TARGET_NAME)";
			};
			name = Release;
		};
		D37FA4652E9FBECD008D986A /* Debug */ = {
			isa = XCBuildConfiguration;
			buildSettings = {
				CLANG_WARN_DOCUMENTATION_COMMENTS = YES;
				CODE_SIGN_STYLE = Automatic;
				MACOSX_DEPLOYMENT_TARGET = 26.0;
				PRODUCT_NAME = "$(TARGET_NAME)";
			};
			name = Debug;
		};
		D37FA4662E9FBECD008D986A /* Release */ = {
			isa = XCBuildConfiguration;
			buildSettings = {
				CLANG_WARN_DOCUMENTATION_COMMENTS = YES;
				CODE_SIGN_STYLE = Automatic;
				MACOSX_DEPLOYMENT_TARGET = 26.0;
				PRODUCT_NAME = "$(TARGET_NAME)";
			};
			name = Release;
		};
		D382370A2ECE0F0600C1484A /* Debug */ = {
			isa = XCBuildConfiguration;
			buildSettings = {
				CLANG_WARN_DOCUMENTATION_COMMENTS = YES;
				CODE_SIGN_STYLE = Automatic;
				HEADER_SEARCH_PATHS = "/Users/vsevolond/dev/nmla-labs/sciplot/**";
				MACOSX_DEPLOYMENT_TARGET = 26.0;
				OTHER_CPLUSPLUSFLAGS = (
					"$(OTHER_CFLAGS)",
					"-DACCELERATE_NEW_LAPACK",
				);
				PRODUCT_NAME = "$(TARGET_NAME)";
			};
			name = Debug;
		};
		D382370B2ECE0F0600C1484A /* Release */ = {
			isa = XCBuildConfiguration;
			buildSettings = {
				CLANG_WARN_DOCUMENTATION_COMMENTS = YES;
				CODE_SIGN_STYLE = Automatic;
				HEADER_SEARCH_PATHS = "/Users/vsevolond/dev/nmla-labs/sciplot/**";
				MACOSX_DEPLOYMENT_TARGET = 26.0;
				OTHER_CPLUSPLUSFLAGS = (
					"$(OTHER_CFLAGS)",
					"-DACCELERATE_NEW_LAPACK",
				);
				PRODUCT_NAME = "$(TARGET_NAME)";
			};
			name = Release;
		};
		D3E173532EC4DE900051B4A5 /* Debug */ = {
			isa = XCBuildConfiguration;
			buildSettings = {
				CLANG_WARN_DOCUMENTATION_COMMENTS = YES;
				CODE_SIGN_STYLE = Automatic;
				MACOSX_DEPLOYMENT_TARGET = 26.0;
				PRODUCT_NAME = "$(TARGET_NAME)";
			};
			name = Debug;
		};
		D3E173542EC4DE900051B4A5 /* Release */ = {
			isa = XCBuildConfiguration;
			buildSettings = {
				CLANG_WARN_DOCUMENTATION_COMMENTS = YES;
				CODE_SIGN_STYLE = Automatic;
				MACOSX_DEPLOYMENT_TARGET = 26.0;
				PRODUCT_NAME = "$(TARGET_NAME)";
			};
			name = Release;
		};
		D3E173712EC6438D0051B4A5 /* Debug */ = {
			isa = XCBuildConfiguration;
			buildSettings = {
				CLANG_WARN_DOCUMENTATION_COMMENTS = YES;
				CODE_SIGN_STYLE = Automatic;
				MACOSX_DEPLOYMENT_TARGET = 26.0;
				PRODUCT_NAME = "$(TARGET_NAME)";
			};
			name = Debug;
		};
		D3E173722EC6438D0051B4A5 /* Release */ = {
			isa = XCBuildConfiguration;
			buildSettings = {
				CLANG_WARN_DOCUMENTATION_COMMENTS = YES;
				CODE_SIGN_STYLE = Automatic;
				MACOSX_DEPLOYMENT_TARGET = 26.0;
				PRODUCT_NAME = "$(TARGET_NAME)";
			};
			name = Release;
		};
		D3EC55762EE70273002FDB17 /* Debug */ = {
			isa = XCBuildConfiguration;
			buildSettings = {
				CLANG_WARN_DOCUMENTATION_COMMENTS = YES;
				CODE_SIGN_STYLE = Automatic;
				MACOSX_DEPLOYMENT_TARGET = 26.1;
				PRODUCT_NAME = "$(TARGET_NAME)";
			};
			name = Debug;
		};
		D3EC55772EE70273002FDB17 /* Release */ = {
			isa = XCBuildConfiguration;
			buildSettings = {
				CLANG_WARN_DOCUMENTATION_COMMENTS = YES;
				CODE_SIGN_STYLE = Automatic;
				MACOSX_DEPLOYMENT_TARGET = 26.1;
				PRODUCT_NAME = "$(TARGET_NAME)";
			};
			name = Release;
		};
		D3F0EE212E9812B900A1B92E /* Debug */ = {
			isa = XCBuildConfiguration;
			buildSettings = {
				CLANG_WARN_DOCUMENTATION_COMMENTS = YES;
				CODE_SIGN_STYLE = Automatic;
				MACOSX_DEPLOYMENT_TARGET = 26.0;
				PRODUCT_NAME = "$(TARGET_NAME)";
			};
			name = Debug;
		};
		D3F0EE222E9812B900A1B92E /* Release */ = {
			isa = XCBuildConfiguration;
			buildSettings = {
				CLANG_WARN_DOCUMENTATION_COMMENTS = YES;
				CODE_SIGN_STYLE = Automatic;
				MACOSX_DEPLOYMENT_TARGET = 26.0;
				PRODUCT_NAME = "$(TARGET_NAME)";
			};
			name = Release;
		};
/* End XCBuildConfiguration section */

/* Begin XCConfigurationList section */
		D32CA5562E79F374008BE07C /* Build configuration list for PBXNativeTarget "lab1" */ = {
			isa = XCConfigurationList;
			buildConfigurations = (
				D32CA5572E79F374008BE07C /* Debug */,
				D32CA5582E79F374008BE07C /* Release */,
			);
			defaultConfigurationIsVisible = 0;
			defaultConfigurationName = Release;
		};
		D3569EBA2E94020500F5BE02 /* Build configuration list for PBXNativeTarget "lab2" */ = {
			isa = XCConfigurationList;
			buildConfigurations = (
				D3569EBB2E94020500F5BE02 /* Debug */,
				D3569EBC2E94020500F5BE02 /* Release */,
			);
			defaultConfigurationIsVisible = 0;
			defaultConfigurationName = Release;
		};
		D369A3E42E70A9EB004ADAF0 /* Build configuration list for PBXProject "nmla-labs" */ = {
			isa = XCConfigurationList;
			buildConfigurations = (
				D369A3EE2E70A9EB004ADAF0 /* Debug */,
				D369A3EF2E70A9EB004ADAF0 /* Release */,
			);
			defaultConfigurationIsVisible = 0;
			defaultConfigurationName = Release;
		};
		D37271F52EDD8193006D124B /* Build configuration list for PBXNativeTarget "lab7" */ = {
			isa = XCConfigurationList;
			buildConfigurations = (
				D37271F32EDD8193006D124B /* Debug */,
				D37271F42EDD8193006D124B /* Release */,
			);
			defaultConfigurationIsVisible = 0;
			defaultConfigurationName = Release;
		};
		D37272112EDDC8EF006D124B /* Build configuration list for PBXNativeTarget "lab8" */ = {
			isa = XCConfigurationList;
			buildConfigurations = (
				D37272122EDDC8EF006D124B /* Debug */,
				D37272132EDDC8EF006D124B /* Release */,
			);
			defaultConfigurationIsVisible = 0;
			defaultConfigurationName = Release;
		};
		D37FA4672E9FBECD008D986A /* Build configuration list for PBXNativeTarget "lab4" */ = {
			isa = XCConfigurationList;
			buildConfigurations = (
				D37FA4652E9FBECD008D986A /* Debug */,
				D37FA4662E9FBECD008D986A /* Release */,
			);
			defaultConfigurationIsVisible = 0;
			defaultConfigurationName = Release;
		};
		D38237092ECE0F0600C1484A /* Build configuration list for PBXNativeTarget "lab6" */ = {
			isa = XCConfigurationList;
			buildConfigurations = (
				D382370A2ECE0F0600C1484A /* Debug */,
				D382370B2ECE0F0600C1484A /* Release */,
			);
			defaultConfigurationIsVisible = 0;
			defaultConfigurationName = Release;
		};
		D3E173522EC4DE900051B4A5 /* Build configuration list for PBXNativeTarget "lab5" */ = {
			isa = XCConfigurationList;
			buildConfigurations = (
				D3E173532EC4DE900051B4A5 /* Debug */,
				D3E173542EC4DE900051B4A5 /* Release */,
			);
			defaultConfigurationIsVisible = 0;
			defaultConfigurationName = Release;
		};
		D3E173732EC6438D0051B4A5 /* Build configuration list for PBXNativeTarget "let3" */ = {
			isa = XCConfigurationList;
			buildConfigurations = (
				D3E173712EC6438D0051B4A5 /* Debug */,
				D3E173722EC6438D0051B4A5 /* Release */,
			);
			defaultConfigurationIsVisible = 0;
			defaultConfigurationName = Release;
		};
		D3EC55782EE70273002FDB17 /* Build configuration list for PBXNativeTarget "lab9" */ = {
			isa = XCConfigurationList;
			buildConfigurations = (
				D3EC55762EE70273002FDB17 /* Debug */,
				D3EC55772EE70273002FDB17 /* Release */,
			);
			defaultConfigurationIsVisible = 0;
			defaultConfigurationName = Release;
		};
		D3F0EE232E9812B900A1B92E /* Build configuration list for PBXNativeTarget "lab3" */ = {
			isa = XCConfigurationList;
			buildConfigurations = (
				D3F0EE212E9812B900A1B92E /* Debug */,
				D3F0EE222E9812B900A1B92E /* Release */,
			);
			defaultConfigurationIsVisible = 0;
			defaultConfigurationName = Release;
		};
/* End XCConfigurationList section */
	};
	rootObject = D369A3E12E70A9EB004ADAF0 /* Project object */;
}
